
Microsoft Visual Studio Solution File, Format Version 10.00
# Visual Studio 2008
Project("{8BC9CEB8-8B4A-11D0-8D11-00A0C91BC942}") = "vpLib", "vpLib\vpLib.vcproj", "{ABF3CA96-5134-4A5A-873B-7C057E586D66}"
EndProject
Project("{8BC9CEB8-8B4A-11D0-8D11-00A0C91BC942}") = "vpRenderer", "vpRenderer\vpRenderer.vcproj", "{93E6229B-CE29-476A-A010-B82B859AB2F7}"
	ProjectSection(ProjectDependencies) = postProject
		{ABF3CA96-5134-4A5A-873B-7C057E586D66} = {ABF3CA96-5134-4A5A-873B-7C057E586D66}
	EndProjectSection
EndProject
Project("{2150E333-8FDC-42A3-9474-1A3956D46DE8}") = "Examples", "Examples", "{F7786B52-AB97-477F-B44E-B7C9846C1EFD}"
EndProject
Project("{8BC9CEB8-8B4A-11D0-8D11-00A0C91BC942}") = "chain", "Examples\chain\chain.vcproj", "{40E29687-06C0-4397-8F8B-3A9B8CFA5EE0}"
	ProjectSection(ProjectDependencies) = postProject
		{ABF3CA96-5134-4A5A-873B-7C057E586D66} = {ABF3CA96-5134-4A5A-873B-7C057E586D66}
		{93E6229B-CE29-476A-A010-B82B859AB2F7} = {93E6229B-CE29-476A-A010-B82B859AB2F7}
	EndProjectSection
EndProject
Project("{8BC9CEB8-8B4A-11D0-8D11-00A0C91BC942}") = "ragdoll", "Examples\ragdoll\ragdoll.vcproj", "{30A42371-2E34-4E9D-947B-5A97383F66BE}"
	ProjectSection(ProjectDependencies) = postProject
		{ABF3CA96-5134-4A5A-873B-7C057E586D66} = {ABF3CA96-5134-4A5A-873B-7C057E586D66}
		{93E6229B-CE29-476A-A010-B82B859AB2F7} = {93E6229B-CE29-476A-A010-B82B859AB2F7}
	EndProjectSection
EndProject
Project("{8BC9CEB8-8B4A-11D0-8D11-00A0C91BC942}") = "stacking", "Examples\stacking\stacking.vcproj", "{8172173C-2398-4EA5-9204-B970E553961F}"
	ProjectSection(ProjectDependencies) = postProject
		{ABF3CA96-5134-4A5A-873B-7C057E586D66} = {ABF3CA96-5134-4A5A-873B-7C057E586D66}
		{93E6229B-CE29-476A-A010-B82B859AB2F7} = {93E6229B-CE29-476A-A010-B82B859AB2F7}
	EndProjectSection
EndProject
Project("{8BC9CEB8-8B4A-11D0-8D11-00A0C91BC942}") = "stiffSystem", "Examples\stiffSystem\stiffSystem.vcproj", "{69155C14-D58C-4F15-95FB-C9A29AA6DE00}"
	ProjectSection(ProjectDependencies) = postProject
		{ABF3CA96-5134-4A5A-873B-7C057E586D66} = {ABF3CA96-5134-4A5A-873B-7C057E586D66}
		{93E6229B-CE29-476A-A010-B82B859AB2F7} = {93E6229B-CE29-476A-A010-B82B859AB2F7}
	EndProjectSection
EndProject
Project("{8BC9CEB8-8B4A-11D0-8D11-00A0C91BC942}") = "tree", "Examples\tree\tree.vcproj", "{9ED17CCB-83F4-4A7C-BD9E-470E6C44F6C6}"
	ProjectSection(ProjectDependencies) = postProject
		{ABF3CA96-5134-4A5A-873B-7C057E586D66} = {ABF3CA96-5134-4A5A-873B-7C057E586D66}
		{93E6229B-CE29-476A-A010-B82B859AB2F7} = {93E6229B-CE29-476A-A010-B82B859AB2F7}
	EndProjectSection
EndProject
Project("{8BC9CEB8-8B4A-11D0-8D11-00A0C91BC942}") = "noGraphics", "Examples\noGraphics\noGraphics.vcproj", "{C45883AB-5472-40F2-856B-D45A26638465}"
EndProject
Project("{8BC9CEB8-8B4A-11D0-8D11-00A0C91BC942}") = "avalanche", "Examples\avalanche\avalanche.vcproj", "{022B491F-36E0-4696-A14B-9EFC0D29D141}"
EndProject
Project("{8BC9CEB8-8B4A-11D0-8D11-00A0C91BC942}") = "pendulum", "Examples\pendulum\pendulum.vcproj", "{EAF0542D-46FA-4D9F-B4B9-B3CC40A10BA0}"
EndProject
Project("{8BC9CEB8-8B4A-11D0-8D11-00A0C91BC942}") = "silo", "Examples\silo\silo.vcproj", "{6279088F-24AB-4118-A3B6-008FE8ABC5E1}"
	ProjectSection(ProjectDependencies) = postProject
		{ABF3CA96-5134-4A5A-873B-7C057E586D66} = {ABF3CA96-5134-4A5A-873B-7C057E586D66}
		{93E6229B-CE29-476A-A010-B82B859AB2F7} = {93E6229B-CE29-476A-A010-B82B859AB2F7}
	EndProjectSection
EndProject
Project("{8BC9CEB8-8B4A-11D0-8D11-00A0C91BC942}") = "hybridDynamics", "Examples\hybridDynamics\hybridDynamics.vcproj", "{60DAEAB1-C583-46D2-A64D-F69DBF497F4F}"
EndProject
Project("{8BC9CEB8-8B4A-11D0-8D11-00A0C91BC942}") = "ysTest", "Examples\ysTest\ysTest.vcproj", "{82F20E96-D125-45DE-B473-C1E29239D793}"
	ProjectSection(ProjectDependencies) = postProject
		{ABF3CA96-5134-4A5A-873B-7C057E586D66} = {ABF3CA96-5134-4A5A-873B-7C057E586D66}
		{93E6229B-CE29-476A-A010-B82B859AB2F7} = {93E6229B-CE29-476A-A010-B82B859AB2F7}
	EndProjectSection
EndProject
Global
	GlobalSection(SolutionConfigurationPlatforms) = preSolution
		Debug|Win32 = Debug|Win32
		Release|Win32 = Release|Win32
	EndGlobalSection
	GlobalSection(ProjectConfigurationPlatforms) = postSolution
		{ABF3CA96-5134-4A5A-873B-7C057E586D66}.Debug|Win32.ActiveCfg = Debug|Win32
		{ABF3CA96-5134-4A5A-873B-7C057E586D66}.Debug|Win32.Build.0 = Debug|Win32
		{ABF3CA96-5134-4A5A-873B-7C057E586D66}.Release|Win32.ActiveCfg = Release|Win32
		{ABF3CA96-5134-4A5A-873B-7C057E586D66}.Release|Win32.Build.0 = Release|Win32
		{93E6229B-CE29-476A-A010-B82B859AB2F7}.Debug|Win32.ActiveCfg = Debug|Win32
		{93E6229B-CE29-476A-A010-B82B859AB2F7}.Debug|Win32.Build.0 = Debug|Win32
		{93E6229B-CE29-476A-A010-B82B859AB2F7}.Release|Win32.ActiveCfg = Release|Win32
		{93E6229B-CE29-476A-A010-B82B859AB2F7}.Release|Win32.Build.0 = Release|Win32
		{40E29687-06C0-4397-8F8B-3A9B8CFA5EE0}.Debug|Win32.ActiveCfg = Debug|Win32
		{40E29687-06C0-4397-8F8B-3A9B8CFA5EE0}.Debug|Win32.Build.0 = Debug|Win32
		{40E29687-06C0-4397-8F8B-3A9B8CFA5EE0}.Release|Win32.ActiveCfg = Release|Win32
		{40E29687-06C0-4397-8F8B-3A9B8CFA5EE0}.Release|Win32.Build.0 = Release|Win32
		{30A42371-2E34-4E9D-947B-5A97383F66BE}.Debug|Win32.ActiveCfg = Debug|Win32
		{30A42371-2E34-4E9D-947B-5A97383F66BE}.Debug|Win32.Build.0 = Debug|Win32
		{30A42371-2E34-4E9D-947B-5A97383F66BE}.Release|Win32.ActiveCfg = Release|Win32
		{30A42371-2E34-4E9D-947B-5A97383F66BE}.Release|Win32.Build.0 = Release|Win32
		{8172173C-2398-4EA5-9204-B970E553961F}.Debug|Win32.ActiveCfg = Debug|Win32
		{8172173C-2398-4EA5-9204-B970E553961F}.Debug|Win32.Build.0 = Debug|Win32
		{8172173C-2398-4EA5-9204-B970E553961F}.Release|Win32.ActiveCfg = Release|Win32
		{8172173C-2398-4EA5-9204-B970E553961F}.Release|Win32.Build.0 = Release|Win32
		{69155C14-D58C-4F15-95FB-C9A29AA6DE00}.Debug|Win32.ActiveCfg = Debug|Win32
		{69155C14-D58C-4F15-95FB-C9A29AA6DE00}.Debug|Win32.Build.0 = Debug|Win32
		{69155C14-D58C-4F15-95FB-C9A29AA6DE00}.Release|Win32.ActiveCfg = Release|Win32
		{69155C14-D58C-4F15-95FB-C9A29AA6DE00}.Release|Win32.Build.0 = Release|Win32
		{9ED17CCB-83F4-4A7C-BD9E-470E6C44F6C6}.Debug|Win32.ActiveCfg = Debug|Win32
		{9ED17CCB-83F4-4A7C-BD9E-470E6C44F6C6}.Debug|Win32.Build.0 = Debug|Win32
		{9ED17CCB-83F4-4A7C-BD9E-470E6C44F6C6}.Release|Win32.ActiveCfg = Release|Win32
		{9ED17CCB-83F4-4A7C-BD9E-470E6C44F6C6}.Release|Win32.Build.0 = Release|Win32
		{C45883AB-5472-40F2-856B-D45A26638465}.Debug|Win32.ActiveCfg = Debug|Win32
		{C45883AB-5472-40F2-856B-D45A26638465}.Debug|Win32.Build.0 = Debug|Win32
		{C45883AB-5472-40F2-856B-D45A26638465}.Release|Win32.ActiveCfg = Release|Win32
		{C45883AB-5472-40F2-856B-D45A26638465}.Release|Win32.Build.0 = Release|Win32
		{022B491F-36E0-4696-A14B-9EFC0D29D141}.Debug|Win32.ActiveCfg = Debug|Win32
		{022B491F-36E0-4696-A14B-9EFC0D29D141}.Debug|Win32.Build.0 = Debug|Win32
		{022B491F-36E0-4696-A14B-9EFC0D29D141}.Release|Win32.ActiveCfg = Release|Win32
		{022B491F-36E0-4696-A14B-9EFC0D29D141}.Release|Win32.Build.0 = Release|Win32
		{EAF0542D-46FA-4D9F-B4B9-B3CC40A10BA0}.Debug|Win32.ActiveCfg = Debug|Win32
		{EAF0542D-46FA-4D9F-B4B9-B3CC40A10BA0}.Debug|Win32.Build.0 = Debug|Win32
		{EAF0542D-46FA-4D9F-B4B9-B3CC40A10BA0}.Release|Win32.ActiveCfg = Release|Win32
		{EAF0542D-46FA-4D9F-B4B9-B3CC40A10BA0}.Release|Win32.Build.0 = Release|Win32
		{6279088F-24AB-4118-A3B6-008FE8ABC5E1}.Debug|Win32.ActiveCfg = Debug|Win32
		{6279088F-24AB-4118-A3B6-008FE8ABC5E1}.Debug|Win32.Build.0 = Debug|Win32
		{6279088F-24AB-4118-A3B6-008FE8ABC5E1}.Release|Win32.ActiveCfg = Release|Win32
		{6279088F-24AB-4118-A3B6-008FE8ABC5E1}.Release|Win32.Build.0 = Release|Win32
		{60DAEAB1-C583-46D2-A64D-F69DBF497F4F}.Debug|Win32.ActiveCfg = Debug|Win32
		{60DAEAB1-C583-46D2-A64D-F69DBF497F4F}.Debug|Win32.Build.0 = Debug|Win32
		{60DAEAB1-C583-46D2-A64D-F69DBF497F4F}.Release|Win32.ActiveCfg = Release|Win32
		{60DAEAB1-C583-46D2-A64D-F69DBF497F4F}.Release|Win32.Build.0 = Release|Win32
		{82F20E96-D125-45DE-B473-C1E29239D793}.Debug|Win32.ActiveCfg = Debug|Win32
		{82F20E96-D125-45DE-B473-C1E29239D793}.Debug|Win32.Build.0 = Debug|Win32
		{82F20E96-D125-45DE-B473-C1E29239D793}.Release|Win32.ActiveCfg = Release|Win32
		{82F20E96-D125-45DE-B473-C1E29239D793}.Release|Win32.Build.0 = Release|Win32
	EndGlobalSection
	GlobalSection(SolutionProperties) = preSolution
		HideSolutionNode = FALSE
	EndGlobalSection
	GlobalSection(NestedProjects) = preSolution
		{40E29687-06C0-4397-8F8B-3A9B8CFA5EE0} = {F7786B52-AB97-477F-B44E-B7C9846C1EFD}
		{30A42371-2E34-4E9D-947B-5A97383F66BE} = {F7786B52-AB97-477F-B44E-B7C9846C1EFD}
		{8172173C-2398-4EA5-9204-B970E553961F} = {F7786B52-AB97-477F-B44E-B7C9846C1EFD}
		{69155C14-D58C-4F15-95FB-C9A29AA6DE00} = {F7786B52-AB97-477F-B44E-B7C9846C1EFD}
		{9ED17CCB-83F4-4A7C-BD9E-470E6C44F6C6} = {F7786B52-AB97-477F-B44E-B7C9846C1EFD}
		{C45883AB-5472-40F2-856B-D45A26638465} = {F7786B52-AB97-477F-B44E-B7C9846C1EFD}
		{022B491F-36E0-4696-A14B-9EFC0D29D141} = {F7786B52-AB97-477F-B44E-B7C9846C1EFD}
		{EAF0542D-46FA-4D9F-B4B9-B3CC40A10BA0} = {F7786B52-AB97-477F-B44E-B7C9846C1EFD}
		{6279088F-24AB-4118-A3B6-008FE8ABC5E1} = {F7786B52-AB97-477F-B44E-B7C9846C1EFD}
		{60DAEAB1-C583-46D2-A64D-F69DBF497F4F} = {F7786B52-AB97-477F-B44E-B7C9846C1EFD}
		{82F20E96-D125-45DE-B473-C1E29239D793} = {F7786B52-AB97-477F-B44E-B7C9846C1EFD}
	EndGlobalSection
EndGlobal
